<?xml version="1.0" encoding="UTF-8" standalone="yes" ?>
<CodeBlocks_project_file>
	<FileVersion major="1" minor="6" />
	<Project>
		<Option title="inequalities" />
		<Option pch_mode="2" />
		<Option compiler="gcc" />
		<Build>
			<Target title="Debug">
				<Option output="bin/Debug/inequalities" prefix_auto="1" extension_auto="1" />
				<Option object_output="obj/Debug/" />
				<Option type="1" />
				<Option compiler="gcc" />
				<Compiler>
					<Add option="-g" />
				</Compiler>
			</Target>
			<Target title="Release">
				<Option output="bin/Release/inequalities" prefix_auto="1" extension_auto="1" />
				<Option object_output="obj/Release/" />
				<Option type="1" />
				<Option compiler="gcc" />
				<Compiler>
					<Add option="-O2" />
				</Compiler>
				<Linker>
					<Add option="-s" />
				</Linker>
			</Target>
		</Build>
		<Compiler>
			<Add option="-Wall" />
			<Add option="-fexceptions" />
		</Compiler>
		<Unit filename="correction_util.cpp" />
		<Unit filename="correction_util.h" />
		<Unit filename="eqalities_util.cpp" />
		<Unit filename="input.txt" />
		<Unit filename="main.cpp" />
		<Unit filename="output.txt" />
		<Unit filename="predicate_deduction/abstract_check.cpp" />
		<Unit filename="predicate_deduction/abstract_check.h" />
		<Unit filename="predicate_deduction/axioms_util.cpp" />
		<Unit filename="predicate_deduction/axioms_util.h" />
		<Unit filename="predicate_deduction/conclusion.cpp" />
		<Unit filename="predicate_deduction/conclusion.h" />
		<Unit filename="predicate_deduction/parser.cpp" />
		<Unit filename="predicate_deduction/parser.h" />
		<Unit filename="predicate_deduction/pred_rules.cpp" />
		<Unit filename="predicate_deduction/pred_rules.h" />
		<Unit filename="predicate_deduction/predicate_check.cpp" />
		<Unit filename="predicate_deduction/predicate_check.h" />
		<Unit filename="predicate_deduction/predicate_deduction.cpp" />
		<Unit filename="predicate_deduction/predicate_deduction.h" />
		<Unit filename="predicate_deduction/substitution.h" />
		<Unit filename="proofs_util.cpp" />
		<Unit filename="proofs_util.h" />
		<Unit filename="prove_a_plus_b_equ_b_plus_a.cpp" />
		<Extensions>
			<code_completion />
			<envvars />
			<debugger />
			<lib_finder disable_auto="1" />
		</Extensions>
	</Project>
</CodeBlocks_project_file>
